// !$*UTF8*$!
{
	archiveVersion = 1;
	classes = {
	};
	objectVersion = 46;
	objects = {

/* Begin PBXBuildFile section */
		0B59C90F1C93D0EA00C8D253 /* AppDelegate.swift in Sources */ = {isa = PBXBuildFile; fileRef = 0B59C90E1C93D0EA00C8D253 /* AppDelegate.swift */; };
		0B59C9111C93D0EA00C8D253 /* ViewController.swift in Sources */ = {isa = PBXBuildFile; fileRef = 0B59C9101C93D0EA00C8D253 /* ViewController.swift */; };
		0B59C9141C93D0EA00C8D253 /* Main.storyboard in Resources */ = {isa = PBXBuildFile; fileRef = 0B59C9121C93D0EA00C8D253 /* Main.storyboard */; };
		0B59C9161C93D0EA00C8D253 /* Assets.xcassets in Resources */ = {isa = PBXBuildFile; fileRef = 0B59C9151C93D0EA00C8D253 /* Assets.xcassets */; };
		0B59C9191C93D0EA00C8D253 /* LaunchScreen.storyboard in Resources */ = {isa = PBXBuildFile; fileRef = 0B59C9171C93D0EA00C8D253 /* LaunchScreen.storyboard */; };
		0B59C9241C93D0EA00C8D253 /* testProjectTests.swift in Sources */ = {isa = PBXBuildFile; fileRef = 0B59C9231C93D0EA00C8D253 /* testProjectTests.swift */; };
		0B59C92F1C93D0EA00C8D253 /* testProjectUITests.swift in Sources */ = {isa = PBXBuildFile; fileRef = 0B59C92E1C93D0EA00C8D253 /* testProjectUITests.swift */; };
/* End PBXBuildFile section */

/* Begin PBXContainerItemProxy section */
		0B59C9201C93D0EA00C8D253 /* PBXContainerItemProxy */ = {
			isa = PBXContainerItemProxy;
			containerPortal = 0B59C9031C93D0EA00C8D253 /* Project object */;
			proxyType = 1;
			remoteGlobalIDString = 0B59C90A1C93D0EA00C8D253;
			remoteInfo = testProject;
		};
		0B59C92B1C93D0EA00C8D253 /* PBXContainerItemProxy */ = {
			isa = PBXContainerItemProxy;
			containerPortal = 0B59C9031C93D0EA00C8D253 /* Project object */;
			proxyType = 1;
			remoteGlobalIDString = 0B59C90A1C93D0EA00C8D253;
			remoteInfo = testProject;
		};
/* End PBXContainerItemProxy section */

/* Begin PBXFileReference section */
		0B59C90B1C93D0EA00C8D253 /* testProject.app */ = {isa = PBXFileReference; explicitFileType = wrapper.application; includeInIndex = 0; path = testProject.app; sourceTree = BUILT_PRODUCTS_DIR; };
		0B59C90E1C93D0EA00C8D253 /* AppDelegate.swift */ = {isa = PBXFileReference; lastKnownFileType = sourcecode.swift; path = AppDelegate.swift; sourceTree = "<group>"; };
		0B59C9101C93D0EA00C8D253 /* ViewController.swift */ = {isa = PBXFileReference; lastKnownFileType = sourcecode.swift; path = ViewController.swift; sourceTree = "<group>"; };
		0B59C9131C93D0EA00C8D253 /* Base */ = {isa = PBXFileReference; lastKnownFileType = file.storyboard; name = Base; path = Base.lproj/Main.storyboard; sourceTree = "<group>"; };
		0B59C9151C93D0EA00C8D253 /* Assets.xcassets */ = {isa = PBXFileReference; lastKnownFileType = folder.assetcatalog; path = Assets.xcassets; sourceTree = "<group>"; };
		0B59C9181C93D0EA00C8D253 /* Base */ = {isa = PBXFileReference; lastKnownFileType = file.storyboard; name = Base; path = Base.lproj/LaunchScreen.storyboard; sourceTree = "<group>"; };
		0B59C91A1C93D0EA00C8D253 /* Info.plist */ = {isa = PBXFileReference; lastKnownFileType = text.plist.xml; path = Info.plist; sourceTree = "<group>"; };
		0B59C91F1C93D0EA00C8D253 /* testProjectTests.xctest */ = {isa = PBXFileReference; explicitFileType = wrapper.cfbundle; includeInIndex = 0; path = testProjectTests.xctest; sourceTree = BUILT_PRODUCTS_DIR; };
		0B59C9231C93D0EA00C8D253 /* testProjectTests.swift */ = {isa = PBXFileReference; lastKnownFileType = sourcecode.swift; path = testProjectTests.swift; sourceTree = "<group>"; };
		0B59C9251C93D0EA00C8D253 /* Info.plist */ = {isa = PBXFileReference; lastKnownFileType = text.plist.xml; path = Info.plist; sourceTree = "<group>"; };
		0B59C92A1C93D0EA00C8D253 /* testProjectUITests.xctest */ = {isa = PBXFileReference; explicitFileType = wrapper.cfbundle; includeInIndex = 0; path = testProjectUITests.xctest; sourceTree = BUILT_PRODUCTS_DIR; };
		0B59C92E1C93D0EA00C8D253 /* testProjectUITests.swift */ = {isa = PBXFileReference; lastKnownFileType = sourcecode.swift; path = testProjectUITests.swift; sourceTree = "<group>"; };
		0B59C9301C93D0EA00C8D253 /* Info.plist */ = {isa = PBXFileReference; lastKnownFileType = text.plist.xml; path = Info.plist; sourceTree = "<group>"; };
/* End PBXFileReference section */

/* Begin PBXFrameworksBuildPhase section */
		0B59C9081C93D0EA00C8D253 /* Frameworks */ = {
			isa = PBXFrameworksBuildPhase;
			buildActionMask = 2147483647;
			files = (
			);
			runOnlyForDeploymentPostprocessing = 0;
		};
		0B59C91C1C93D0EA00C8D253 /* Frameworks */ = {
			isa = PBXFrameworksBuildPhase;
			buildActionMask = 2147483647;
			files = (
			);
			runOnlyForDeploymentPostprocessing = 0;
		};
		0B59C9271C93D0EA00C8D253 /* Frameworks */ = {
			isa = PBXFrameworksBuildPhase;
			buildActionMask = 2147483647;
			files = (
			);
			runOnlyForDeploymentPostprocessing = 0;
		};
/* End PBXFrameworksBuildPhase section */

/* Begin PBXGroup section */
		0B59C9021C93D0EA00C8D253 = {
			isa = PBXGroup;
			children = (
				0B59C90D1C93D0EA00C8D253 /* testProject */,
				0B59C9221C93D0EA00C8D253 /* testProjectTests */,
				0B59C92D1C93D0EA00C8D253 /* testProjectUITests */,
				0B59C90C1C93D0EA00C8D253 /* Products */,
			);
			sourceTree = "<group>";
		};
		0B59C90C1C93D0EA00C8D253 /* Products */ = {
			isa = PBXGroup;
			children = (
				0B59C90B1C93D0EA00C8D253 /* testProject.app */,
				0B59C91F1C93D0EA00C8D253 /* testProjectTests.xctest */,
				0B59C92A1C93D0EA00C8D253 /* testProjectUITests.xctest */,
			);
			name = Products;
			sourceTree = "<group>";
		};
		0B59C90D1C93D0EA00C8D253 /* testProject */ = {
			isa = PBXGroup;
			children = (
				0B59C90E1C93D0EA00C8D253 /* AppDelegate.swift */,
				0B59C9101C93D0EA00C8D253 /* ViewController.swift */,
				0B59C9121C93D0EA00C8D253 /* Main.storyboard */,
				0B59C9151C93D0EA00C8D253 /* Assets.xcassets */,
				0B59C9171C93D0EA00C8D253 /* LaunchScreen.storyboard */,
				0B59C91A1C93D0EA00C8D253 /* Info.plist */,
			);
			path = testProject;
			sourceTree = "<group>";
		};
		0B59C9221C93D0EA00C8D253 /* testProjectTests */ = {
			isa = PBXGroup;
			children = (
				0B59C9231C93D0EA00C8D253 /* testProjectTests.swift */,
				0B59C9251C93D0EA00C8D253 /* Info.plist */,
			);
			path = testProjectTests;
			sourceTree = "<group>";
		};
		0B59C92D1C93D0EA00C8D253 /* testProjectUITests */ = {
			isa = PBXGroup;
			children = (
				0B59C92E1C93D0EA00C8D253 /* testProjectUITests.swift */,
				0B59C9301C93D0EA00C8D253 /* Info.plist */,
			);
			path = testProjectUITests;
			sourceTree = "<group>";
		};
/* End PBXGroup section */

/* Begin PBXNativeTarget section */
		0B59C90A1C93D0EA00C8D253 /* testProject */ = {
			isa = PBXNativeTarget;
			buildConfigurationList = 0B59C9331C93D0EA00C8D253 /* Build configuration list for PBXNativeTarget "testProject" */;
			buildPhases = (
				0B59C9071C93D0EA00C8D253 /* Sources */,
				0B59C9081C93D0EA00C8D253 /* Frameworks */,
				0B59C9091C93D0EA00C8D253 /* Resources */,
			);
			buildRules = (
			);
			dependencies = (
			);
			name = testProject;
			productName = testProject;
			productReference = 0B59C90B1C93D0EA00C8D253 /* testProject.app */;
			productType = "com.apple.product-type.application";
		};
		0B59C91E1C93D0EA00C8D253 /* testProjectTests */ = {
			isa = PBXNativeTarget;
			buildConfigurationList = 0B59C9361C93D0EA00C8D253 /* Build configuration list for PBXNativeTarget "testProjectTests" */;
			buildPhases = (
				0B59C91B1C93D0EA00C8D253 /* Sources */,
				0B59C91C1C93D0EA00C8D253 /* Frameworks */,
				0B59C91D1C93D0EA00C8D253 /* Resources */,
			);
			buildRules = (
			);
			dependencies = (
				0B59C9211C93D0EA00C8D253 /* PBXTargetDependency */,
			);
			name = testProjectTests;
			productName = testProjectTests;
			productReference = 0B59C91F1C93D0EA00C8D253 /* testProjectTests.xctest */;
			productType = "com.apple.product-type.bundle.unit-test";
		};
		0B59C9291C93D0EA00C8D253 /* testProjectUITests */ = {
			isa = PBXNativeTarget;
			buildConfigurationList = 0B59C9391C93D0EB00C8D253 /* Build configuration list for PBXNativeTarget "testProjectUITests" */;
			buildPhases = (
				0B59C9261C93D0EA00C8D253 /* Sources */,
				0B59C9271C93D0EA00C8D253 /* Frameworks */,
				0B59C9281C93D0EA00C8D253 /* Resources */,
			);
			buildRules = (
			);
			dependencies = (
				0B59C92C1C93D0EA00C8D253 /* PBXTargetDependency */,
			);
			name = testProjectUITests;
			productName = testProjectUITests;
			productReference = 0B59C92A1C93D0EA00C8D253 /* testProjectUITests.xctest */;
			productType = "com.apple.product-type.bundle.ui-testing";
		};
/* End PBXNativeTarget section */

/* Begin PBXProject section */
		0B59C9031C93D0EA00C8D253 /* Project object */ = {
			isa = PBXProject;
			attributes = {
				LastSwiftUpdateCheck = 0720;
				LastUpgradeCheck = 0720;
				ORGANIZATIONNAME = "David LUNN";
				TargetAttributes = {
					0B59C90A1C93D0EA00C8D253 = {
						CreatedOnToolsVersion = 7.2.1;
					};
					0B59C91E1C93D0EA00C8D253 = {
						CreatedOnToolsVersion = 7.2.1;
						TestTargetID = 0B59C90A1C93D0EA00C8D253;
					};
					0B59C9291C93D0EA00C8D253 = {
						CreatedOnToolsVersion = 7.2.1;
						TestTargetID = 0B59C90A1C93D0EA00C8D253;
					};
				};
			};
			buildConfigurationList = 0B59C9061C93D0EA00C8D253 /* Build configuration list for PBXProject "testProject" */;
			compatibilityVersion = "Xcode 3.2";
			developmentRegion = English;
			hasScannedForEncodings = 0;
			knownRegions = (
				en,
				Base,
			);
			mainGroup = 0B59C9021C93D0EA00C8D253;
			productRefGroup = 0B59C90C1C93D0EA00C8D253 /* Products */;
			projectDirPath = "";
			projectRoot = "";
			targets = (
				0B59C90A1C93D0EA00C8D253 /* testProject */,
				0B59C91E1C93D0EA00C8D253 /* testProjectTests */,
				0B59C9291C93D0EA00C8D253 /* testProjectUITests */,
			);
		};
/* End PBXProject section */

/* Begin PBXResourcesBuildPhase section */
		0B59C9091C93D0EA00C8D253 /* Resources */ = {
			isa = PBXResourcesBuildPhase;
			buildActionMask = 2147483647;
			files = (
				0B59C9191C93D0EA00C8D253 /* LaunchScreen.storyboard in Resources */,
				0B59C9161C93D0EA00C8D253 /* Assets.xcassets in Resources */,
				0B59C9141C93D0EA00C8D253 /* Main.storyboard in Resources */,
			);
			runOnlyForDeploymentPostprocessing = 0;
		};
		0B59C91D1C93D0EA00C8D253 /* Resources */ = {
			isa = PBXResourcesBuildPhase;
			buildActionMask = 2147483647;
			files = (
			);
			runOnlyForDeploymentPostprocessing = 0;
		};
		0B59C9281C93D0EA00C8D253 /* Resources */ = {
			isa = PBXResourcesBuildPhase;
			buildActionMask = 2147483647;
			files = (
			);
			runOnlyForDeploymentPostprocessing = 0;
		};
/* End PBXResourcesBuildPhase section */

/* Begin PBXSourcesBuildPhase section */
		0B59C9071C93D0EA00C8D253 /* Sources */ = {
			isa = PBXSourcesBuildPhase;
			buildActionMask = 2147483647;
			files = (
				0B59C9111C93D0EA00C8D253 /* ViewController.swift in Sources */,
				0B59C90F1C93D0EA00C8D253 /* AppDelegate.swift in Sources */,
			);
			runOnlyForDeploymentPostprocessing = 0;
		};
		0B59C91B1C93D0EA00C8D253 /* Sources */ = {
			isa = PBXSourcesBuildPhase;
			buildActionMask = 2147483647;
			files = (
				0B59C9241C93D0EA00C8D253 /* testProjectTests.swift in Sources */,
			);
			runOnlyForDeploymentPostprocessing = 0;
		};
		0B59C9261C93D0EA00C8D253 /* Sources */ = {
			isa = PBXSourcesBuildPhase;
			buildActionMask = 2147483647;
			files = (
				0B59C92F1C93D0EA00C8D253 /* testProjectUITests.swift in Sources */,
			);
			runOnlyForDeploymentPostprocessing = 0;
		};
/* End PBXSourcesBuildPhase section */

/* Begin PBXTargetDependency section */
		0B59C9211C93D0EA00C8D253 /* PBXTargetDependency */ = {
			isa = PBXTargetDependency;
			target = 0B59C90A1C93D0EA00C8D253 /* testProject */;
			targetProxy = 0B59C9201C93D0EA00C8D253 /* PBXContainerItemProxy */;
		};
		0B59C92C1C93D0EA00C8D253 /* PBXTargetDependency */ = {
			isa = PBXTargetDependency;
			target = 0B59C90A1C93D0EA00C8D253 /* testProject */;
			targetProxy = 0B59C92B1C93D0EA00C8D253 /* PBXContainerItemProxy */;
		};
/* End PBXTargetDependency section */

/* Begin PBXVariantGroup section */
		0B59C9121C93D0EA00C8D253 /* Main.storyboard */ = {
			isa = PBXVariantGroup;
			children = (
				0B59C9131C93D0EA00C8D253 /* Base */,
			);
			name = Main.storyboard;
			sourceTree = "<group>";
		};
		0B59C9171C93D0EA00C8D253 /* LaunchScreen.storyboard */ = {
			isa = PBXVariantGroup;
			children = (
				0B59C9181C93D0EA00C8D253 /* Base */,
			);
			name = LaunchScreen.storyboard;
			sourceTree = "<group>";
		};
/* End PBXVariantGroup section */

/* Begin XCBuildConfiguration section */
		0B59C9311C93D0EA00C8D253 /* Debug */ = {
			isa = XCBuildConfiguration;
			buildSettings = {
				ALWAYS_SEARCH_USER_PATHS = NO;
				CLANG_CXX_LANGUAGE_STANDARD = "gnu++0x";
				CLANG_CXX_LIBRARY = "libc++";
				CLANG_ENABLE_MODULES = YES;
				CLANG_ENABLE_OBJC_ARC = YES;
				CLANG_WARN_BOOL_CONVERSION = YES;
				CLANG_WARN_CONSTANT_CONVERSION = YES;
				CLANG_WARN_DIRECT_OBJC_ISA_USAGE = YES_ERROR;
				CLANG_WARN_EMPTY_BODY = YES;
				CLANG_WARN_ENUM_CONVERSION = YES;
				CLANG_WARN_INT_CONVERSION = YES;
				CLANG_WARN_OBJC_ROOT_CLASS = YES_ERROR;
				CLANG_WARN_UNREACHABLE_CODE = YES;
				CLANG_WARN__DUPLICATE_METHOD_MATCH = YES;
				"CODE_SIGN_IDENTITY[sdk=iphoneos*]" = "iPhone Developer";
				COPY_PHASE_STRIP = NO;
				DEBUG_INFORMATION_FORMAT = dwarf;
				ENABLE_STRICT_OBJC_MSGSEND = YES;
				ENABLE_TESTABILITY = YES;
				GCC_C_LANGUAGE_STANDARD = gnu99;
				GCC_DYNAMIC_NO_PIC = NO;
				GCC_NO_COMMON_BLOCKS = YES;
				GCC_OPTIMIZATION_LEVEL = 0;
				GCC_PREPROCESSOR_DEFINITIONS = (
					"DEBUG=1",
					"$(inherited)",
				);
				GCC_WARN_64_TO_32_BIT_CONVERSION = YES;
				GCC_WARN_ABOUT_RETURN_TYPE = YES_ERROR;
				GCC_WARN_UNDECLARED_SELECTOR = YES;
				GCC_WARN_UNINITIALIZED_AUTOS = YES_AGGRESSIVE;
				GCC_WARN_UNUSED_FUNCTION = YES;
				GCC_WARN_UNUSED_VARIABLE = YES;
				IPHONEOS_DEPLOYMENT_TARGET = 9.2;
				MTL_ENABLE_DEBUG_INFO = YES;
				ONLY_ACTIVE_ARCH = YES;
				SDKROOT = iphoneos;
				SWIFT_OPTIMIZATION_LEVEL = "-Onone";
				TARGETED_DEVICE_FAMILY = "1,2";
			};
			name = Debug;
		};
		0B59C9321C93D0EA00C8D253 /* Release */ = {
			isa = XCBuildConfiguration;
			buildSettings = {
				ALWAYS_SEARCH_USER_PATHS = NO;
				CLANG_CXX_LANGUAGE_STANDARD = "gnu++0x";
				CLANG_CXX_LIBRARY = "libc++";
				CLANG_ENABLE_MODULES = YES;
				CLANG_ENABLE_OBJC_ARC = YES;
				CLANG_WARN_BOOL_CONVERSION = YES;
				CLANG_WARN_CONSTANT_CONVERSION = YES;
				CLANG_WARN_DIRECT_OBJC_ISA_USAGE = YES_ERROR;
				CLANG_WARN_EMPTY_BODY = YES;
				CLANG_WARN_ENUM_CONVERSION = YES;
				CLANG_WARN_INT_CONVERSION = YES;
				CLANG_WARN_OBJC_ROOT_CLASS = YES_ERROR;
				CLANG_WARN_UNREACHABLE_CODE = YES;
				CLANG_WARN__DUPLICATE_METHOD_MATCH = YES;
				"CODE_SIGN_IDENTITY[sdk=iphoneos*]" = "iPhone Developer";
				COPY_PHASE_STRIP = NO;
				DEBUG_INFORMATION_FORMAT = "dwarf-with-dsym";
				ENABLE_NS_ASSERTIONS = NO;
				ENABLE_STRICT_OBJC_MSGSEND = YES;
				GCC_C_LANGUAGE_STANDARD = gnu99;
				GCC_NO_COMMON_BLOCKS = YES;
				GCC_WARN_64_TO_32_BIT_CONVERSION = YES;
				GCC_WARN_ABOUT_RETURN_TYPE = YES_ERROR;
				GCC_WARN_UNDECLARED_SELECTOR = YES;
				GCC_WARN_UNINITIALIZED_AUTOS = YES_AGGRESSIVE;
				GCC_WARN_UNUSED_FUNCTION = YES;
				GCC_WARN_UNUSED_VARIABLE = YES;
				IPHONEOS_DEPLOYMENT_TARGET = 9.2;
				MTL_ENABLE_DEBUG_INFO = NO;
				SDKROOT = iphoneos;
				TARGETED_DEVICE_FAMILY = "1,2";
				VALIDATE_PRODUCT = YES;
			};
			name = Release;
		};
		0B59C9341C93D0EA00C8D253 /* Debug */ = {
			isa = XCBuildConfiguration;
			buildSettings = {
				ASSETCATALOG_COMPILER_APPICON_NAME = AppIcon;
				INFOPLIST_FILE = testProject/Info.plist;
				LD_RUNPATH_SEARCH_PATHS = "$(inherited) @executable_path/Frameworks";
				PRODUCT_BUNDLE_IDENTIFIER = com.lunnd.testProject;
				PRODUCT_NAME = "$(TARGET_NAME)";
			};
			name = Debug;
		};
		0B59C9351C93D0EA00C8D253 /* Release */ = {
			isa = XCBuildConfiguration;
			buildSettings = {
				ASSETCATALOG_COMPILER_APPICON_NAME = AppIcon;
				INFOPLIST_FILE = testProject/Info.plist;
				LD_RUNPATH_SEARCH_PATHS = "$(inherited) @executable_path/Frameworks";
				PRODUCT_BUNDLE_IDENTIFIER = com.lunnd.testProject;
				PRODUCT_NAME = "$(TARGET_NAME)";
			};
			name = Release;
		};
		0B59C9371C93D0EA00C8D253 /* Debug */ = {
			isa = XCBuildConfiguration;
			buildSettings = {
				BUNDLE_LOADER = "$(TEST_HOST)";
				INFOPLIST_FILE = testProjectTests/Info.plist;
				LD_RUNPATH_SEARCH_PATHS = "$(inherited) @executable_path/Frameworks @loader_path/Frameworks";
				PRODUCT_BUNDLE_IDENTIFIER = com.lunnd.testProjectTests;
				PRODUCT_NAME = "$(TARGET_NAME)";
				TEST_HOST = "$(BUILT_PRODUCTS_DIR)/testProject.app/testProject";
			};
			name = Debug;
		};
		0B59C9381C93D0EA00C8D253 /* Release */ = {
			isa = XCBuildConfiguration;
			buildSettings = {
				BUNDLE_LOADER = "$(TEST_HOST)";
				INFOPLIST_FILE = testProjectTests/Info.plist;
				LD_RUNPATH_SEARCH_PATHS = "$(inherited) @executable_path/Frameworks @loader_path/Frameworks";
				PRODUCT_BUNDLE_IDENTIFIER = com.lunnd.testProjectTests;
				PRODUCT_NAME = "$(TARGET_NAME)";
				TEST_HOST = "$(BUILT_PRODUCTS_DIR)/testProject.app/testProject";
			};
			name = Release;
		};
		0B59C93A1C93D0EB00C8D253 /* Debug */ = {
			isa = XCBuildConfiguration;
			buildSettings = {
				INFOPLIST_FILE = testProjectUITests/Info.plist;
				LD_RUNPATH_SEARCH_PATHS = "$(inherited) @executable_path/Frameworks @loader_path/Frameworks";
				PRODUCT_BUNDLE_IDENTIFIER = com.lunnd.testProjectUITests;
				PRODUCT_NAME = "$(TARGET_NAME)";
				TEST_TARGET_NAME = testProject;
				USES_XCTRUNNER = YES;
			};
			name = Debug;
		};
		0B59C93B1C93D0EB00C8D253 /* Release */ = {
			isa = XCBuildConfiguration;
			buildSettings = {
				INFOPLIST_FILE = testProjectUITests/Info.plist;
				LD_RUNPATH_SEARCH_PATHS = "$(inherited) @executable_path/Frameworks @loader_path/Frameworks";
				PRODUCT_BUNDLE_IDENTIFIER = com.lunnd.testProjectUITests;
				PRODUCT_NAME = "$(TARGET_NAME)";
				TEST_TARGET_NAME = testProject;
				USES_XCTRUNNER = YES;
			};
			name = Release;
		};
/* End XCBuildConfiguration section */

/* Begin XCConfigurationList section */
		0B59C9061C93D0EA00C8D253 /* Build configuration list for PBXProject "testProject" */ = {
			isa = XCConfigurationList;
			buildConfigurations = (
				0B59C9311C93D0EA00C8D253 /* Debug */,
				0B59C9321C93D0EA00C8D253 /* Release */,
			);
			defaultConfigurationIsVisible = 0;
			defaultConfigurationName = Release;
		};
		0B59C9331C93D0EA00C8D253 /* Build configuration list for PBXNativeTarget "testProject" */ = {
			isa = XCConfigurationList;
			buildConfigurations = (
				0B59C9341C93D0EA00C8D253 /* Debug */,
				0B59C9351C93D0EA00C8D253 /* Release */,
			);
			defaultConfigurationIsVisible = 0;
		};
		0B59C9361C93D0EA00C8D253 /* Build configuration list for PBXNativeTarget "testProjectTests" */ = {
			isa = XCConfigurationList;
			buildConfigurations = (
				0B59C9371C93D0EA00C8D253 /* Debug */,
				0B59C9381C93D0EA00C8D253 /* Release */,
			);
			defaultConfigurationIsVisible = 0;
		};
		0B59C9391C93D0EB00C8D253 /* Build configuration list for PBXNativeTarget "testProjectUITests" */ = {
			isa = XCConfigurationList;
			buildConfigurations = (
				0B59C93A1C93D0EB00C8D253 /* Debug */,
				0B59C93B1C93D0EB00C8D253 /* Release */,
			);
			defaultConfigurationIsVisible = 0;
		};
/* End XCConfigurationList section */
	};
	rootObject = 0B59C9031C93D0EA00C8D253 /* Project object */;
}
